
Microsoft Visual Studio Solution File, Format Version 12.00
# Visual Studio 15
VisualStudioVersion = 15.0.28010.2026
MinimumVisualStudioVersion = 10.0.40219.1
Project("{FAE04EC0-301F-11D3-BF4B-00C04F79EFBC}") = "AppVectoresAleatorios", "AppVectoresAleatorios\AppVectoresAleatorios.csproj", "{8929D640-19A9-43E4-B1AF-EFF1135773E6}"
EndProject
Global
	GlobalSection(SolutionConfigurationPlatforms) = preSolution
		Debug|Any CPU = Debug|Any CPU
		Release|Any CPU = Release|Any CPU
	EndGlobalSection
	GlobalSection(ProjectConfigurationPlatforms) = postSolution
		{8929D640-19A9-43E4-B1AF-EFF1135773E6}.Debug|Any CPU.ActiveCfg = Debug|Any CPU
		{8929D640-19A9-43E4-B1AF-EFF1135773E6}.Debug|Any CPU.Build.0 = Debug|Any CPU
		{8929D640-19A9-43E4-B1AF-EFF1135773E6}.Release|Any CPU.ActiveCfg = Release|Any CPU
		{8929D640-19A9-43E4-B1AF-EFF1135773E6}.Release|Any CPU.Build.0 = Release|Any CPU
	EndGlobalSection
	GlobalSection(SolutionProperties) = preSolution
		HideSolutionNode = FALSE
	EndGlobalSection
	GlobalSection(ExtensibilityGlobals) = postSolution
		SolutionGuid = {CFDDE2B4-41A5-4692-A971-CCE7186FBBA8}
	EndGlobalSection
EndGlobal
